
Microsoft Visual Studio Solution File, Format Version 12.00
# Visual Studio Version 17
VisualStudioVersion = 17.11.35111.106
MinimumVisualStudioVersion = 10.0.40219.1
Project("{2150E333-8FDC-42A3-9474-1A3956D46DE8}") = "Single Responsibility Principle", "Single Responsibility Principle", "{347C8B36-FCBC-4FBD-881C-B35A93AD0398}"
EndProject
Project("{FAE04EC0-301F-11D3-BF4B-00C04F79EFBC}") = "Single Responsibility Principle", "Single Responsibility Principle\Single Responsibility Principle\Single Responsibility Principle.csproj", "{D6180D37-C776-4254-96DD-5F180F685F0B}"
EndProject
Global
	GlobalSection(SolutionConfigurationPlatforms) = preSolution
		Debug|Any CPU = Debug|Any CPU
		Release|Any CPU = Release|Any CPU
	EndGlobalSection
	GlobalSection(ProjectConfigurationPlatforms) = postSolution
		{D6180D37-C776-4254-96DD-5F180F685F0B}.Debug|Any CPU.ActiveCfg = Debug|Any CPU
		{D6180D37-C776-4254-96DD-5F180F685F0B}.Debug|Any CPU.Build.0 = Debug|Any CPU
		{D6180D37-C776-4254-96DD-5F180F685F0B}.Release|Any CPU.ActiveCfg = Release|Any CPU
		{D6180D37-C776-4254-96DD-5F180F685F0B}.Release|Any CPU.Build.0 = Release|Any CPU
	EndGlobalSection
	GlobalSection(SolutionProperties) = preSolution
		HideSolutionNode = FALSE
	EndGlobalSection
	GlobalSection(NestedProjects) = preSolution
		{D6180D37-C776-4254-96DD-5F180F685F0B} = {347C8B36-FCBC-4FBD-881C-B35A93AD0398}
	EndGlobalSection
	GlobalSection(ExtensibilityGlobals) = postSolution
		SolutionGuid = {F7F6C51E-1EB5-40DC-B5DF-7F9FB4B1249C}
	EndGlobalSection
EndGlobal
