
Microsoft Visual Studio Solution File, Format Version 12.00
# Visual Studio Version 17
VisualStudioVersion = 17.11.35111.106
MinimumVisualStudioVersion = 10.0.40219.1
Project("{2150E333-8FDC-42A3-9474-1A3956D46DE8}") = "Single Responsibility Principle", "Single Responsibility Principle", "{347C8B36-FCBC-4FBD-881C-B35A93AD0398}"
EndProject
Project("{9A19103F-16F7-4668-BE54-9A1E7A4F7556}") = "Single Responsibility Principle", "Single Responsibility Principle\Single Responsibility Principle\Single Responsibility Principle.csproj", "{D6180D37-C776-4254-96DD-5F180F685F0B}"
EndProject
Project("{2150E333-8FDC-42A3-9474-1A3956D46DE8}") = "Liskov Substitution Principle", "Liskov Substitution Principle", "{72D7D7E6-A134-460D-947B-8BF1E6A12095}"
EndProject
Project("{9A19103F-16F7-4668-BE54-9A1E7A4F7556}") = "Liskov Substitution Principle", "Liskov Substitution Principle\Liskov Substitution Principle\Liskov Substitution Principle.csproj", "{D4CB36E5-0F31-4A1B-BAF9-9E9182A65620}"
EndProject
Project("{2150E333-8FDC-42A3-9474-1A3956D46DE8}") = "Dependency Inversion Principle", "Dependency Inversion Principle", "{67E56183-417A-474C-89E9-D358BF48C2CE}"
EndProject
Project("{FAE04EC0-301F-11D3-BF4B-00C04F79EFBC}") = "Dependency Inversion Principle", "Dependency Inversion Principle\Dependency Inversion Principle\Dependency Inversion Principle.csproj", "{64019626-3ABE-4B64-8820-45A54734E1F6}"
EndProject
Global
	GlobalSection(SolutionConfigurationPlatforms) = preSolution
		Debug|Any CPU = Debug|Any CPU
		Release|Any CPU = Release|Any CPU
	EndGlobalSection
	GlobalSection(ProjectConfigurationPlatforms) = postSolution
		{D6180D37-C776-4254-96DD-5F180F685F0B}.Debug|Any CPU.ActiveCfg = Debug|Any CPU
		{D6180D37-C776-4254-96DD-5F180F685F0B}.Debug|Any CPU.Build.0 = Debug|Any CPU
		{D6180D37-C776-4254-96DD-5F180F685F0B}.Release|Any CPU.ActiveCfg = Release|Any CPU
		{D6180D37-C776-4254-96DD-5F180F685F0B}.Release|Any CPU.Build.0 = Release|Any CPU
		{D4CB36E5-0F31-4A1B-BAF9-9E9182A65620}.Debug|Any CPU.ActiveCfg = Debug|Any CPU
		{D4CB36E5-0F31-4A1B-BAF9-9E9182A65620}.Debug|Any CPU.Build.0 = Debug|Any CPU
		{D4CB36E5-0F31-4A1B-BAF9-9E9182A65620}.Release|Any CPU.ActiveCfg = Release|Any CPU
		{D4CB36E5-0F31-4A1B-BAF9-9E9182A65620}.Release|Any CPU.Build.0 = Release|Any CPU
		{64019626-3ABE-4B64-8820-45A54734E1F6}.Debug|Any CPU.ActiveCfg = Debug|Any CPU
		{64019626-3ABE-4B64-8820-45A54734E1F6}.Debug|Any CPU.Build.0 = Debug|Any CPU
		{64019626-3ABE-4B64-8820-45A54734E1F6}.Release|Any CPU.ActiveCfg = Release|Any CPU
		{64019626-3ABE-4B64-8820-45A54734E1F6}.Release|Any CPU.Build.0 = Release|Any CPU
	EndGlobalSection
	GlobalSection(SolutionProperties) = preSolution
		HideSolutionNode = FALSE
	EndGlobalSection
	GlobalSection(NestedProjects) = preSolution
		{D6180D37-C776-4254-96DD-5F180F685F0B} = {347C8B36-FCBC-4FBD-881C-B35A93AD0398}
		{D4CB36E5-0F31-4A1B-BAF9-9E9182A65620} = {72D7D7E6-A134-460D-947B-8BF1E6A12095}
		{64019626-3ABE-4B64-8820-45A54734E1F6} = {67E56183-417A-474C-89E9-D358BF48C2CE}
	EndGlobalSection
	GlobalSection(ExtensibilityGlobals) = postSolution
		SolutionGuid = {F7F6C51E-1EB5-40DC-B5DF-7F9FB4B1249C}
	EndGlobalSection
EndGlobal
